
Microsoft Visual Studio Solution File, Format Version 12.00
# Visual Studio 15
VisualStudioVersion = 15.0.27703.2042
MinimumVisualStudioVersion = 10.0.40219.1
Project("{FAE04EC0-301F-11D3-BF4B-00C04F79EFBC}") = "MSA2018A2", "MSA2018A2\MSA2018A2.csproj", "{90D3A38E-6699-42F9-9457-B5243571C742}"
EndProject
Global
	GlobalSection(SolutionConfigurationPlatforms) = preSolution
		Debug|Any CPU = Debug|Any CPU
		Release|Any CPU = Release|Any CPU
	EndGlobalSection
	GlobalSection(ProjectConfigurationPlatforms) = postSolution
		{90D3A38E-6699-42F9-9457-B5243571C742}.Debug|Any CPU.ActiveCfg = Debug|Any CPU
		{90D3A38E-6699-42F9-9457-B5243571C742}.Debug|Any CPU.Build.0 = Debug|Any CPU
		{90D3A38E-6699-42F9-9457-B5243571C742}.Release|Any CPU.ActiveCfg = Release|Any CPU
		{90D3A38E-6699-42F9-9457-B5243571C742}.Release|Any CPU.Build.0 = Release|Any CPU
	EndGlobalSection
	GlobalSection(SolutionProperties) = preSolution
		HideSolutionNode = FALSE
	EndGlobalSection
	GlobalSection(ExtensibilityGlobals) = postSolution
		SolutionGuid = {A3741A2C-1153-4DA0-B9AD-F8FB53B7D359}
	EndGlobalSection
EndGlobal
